// !$*UTF8*$!
{
	archiveVersion = 1;
	classes = {
	};
	objectVersion = 50;
	objects = {

/* Begin PBXBuildFile section */
		2604D256222F089500C6C77A /* PacoteViagemDAO.swift in Sources */ = {isa = PBXBuildFile; fileRef = 2604D255222F089500C6C77A /* PacoteViagemDAO.swift */; };
		26C08F35222C137600830ED3 /* PacotesViagensViewController.swift in Sources */ = {isa = PBXBuildFile; fileRef = 26C08F34222C137600830ED3 /* PacotesViagensViewController.swift */; };
		26C08F37222C161000830ED3 /* PacoteViagemCollectionViewCell.swift in Sources */ = {isa = PBXBuildFile; fileRef = 26C08F36222C161000830ED3 /* PacoteViagemCollectionViewCell.swift */; };
		26D76031222EB2D000F5FE10 /* DetalhesViagensViewController.swift in Sources */ = {isa = PBXBuildFile; fileRef = 26D76030222EB2D000F5FE10 /* DetalhesViagensViewController.swift */; };
		26D76033222F04E100F5FE10 /* PacoteViagem.swift in Sources */ = {isa = PBXBuildFile; fileRef = 26D76032222F04E100F5FE10 /* PacoteViagem.swift */; };
		26D76046222F079000F5FE10 /* icon_back.png in Resources */ = {isa = PBXBuildFile; fileRef = 26D76035222F079000F5FE10 /* icon_back.png */; };
		26D76047222F079000F5FE10 /* icon_search@2x.png in Resources */ = {isa = PBXBuildFile; fileRef = 26D76036222F079000F5FE10 /* icon_search@2x.png */; };
		26D76048222F079000F5FE10 /* icon_package@2x.png in Resources */ = {isa = PBXBuildFile; fileRef = 26D76037222F079000F5FE10 /* icon_package@2x.png */; };
		26D76049222F079000F5FE10 /* img9.jpg in Resources */ = {isa = PBXBuildFile; fileRef = 26D76038222F079000F5FE10 /* img9.jpg */; };
		26D7604A222F079000F5FE10 /* img8.jpg in Resources */ = {isa = PBXBuildFile; fileRef = 26D76039222F079000F5FE10 /* img8.jpg */; };
		26D7604B222F079000F5FE10 /* icon_airplane.png in Resources */ = {isa = PBXBuildFile; fileRef = 26D7603A222F079000F5FE10 /* icon_airplane.png */; };
		26D7604C222F079000F5FE10 /* img5.jpg in Resources */ = {isa = PBXBuildFile; fileRef = 26D7603B222F079000F5FE10 /* img5.jpg */; };
		26D7604D222F079000F5FE10 /* img4.jpg in Resources */ = {isa = PBXBuildFile; fileRef = 26D7603C222F079000F5FE10 /* img4.jpg */; };
		26D7604E222F079000F5FE10 /* img6.jpg in Resources */ = {isa = PBXBuildFile; fileRef = 26D7603D222F079000F5FE10 /* img6.jpg */; };
		26D7604F222F079000F5FE10 /* img7.jpg in Resources */ = {isa = PBXBuildFile; fileRef = 26D7603E222F079000F5FE10 /* img7.jpg */; };
		26D76050222F079000F5FE10 /* img3.jpg in Resources */ = {isa = PBXBuildFile; fileRef = 26D7603F222F079000F5FE10 /* img3.jpg */; };
		26D76051222F079000F5FE10 /* img2.jpg in Resources */ = {isa = PBXBuildFile; fileRef = 26D76040222F079000F5FE10 /* img2.jpg */; };
		26D76052222F079000F5FE10 /* icon_breakfast.png in Resources */ = {isa = PBXBuildFile; fileRef = 26D76041222F079000F5FE10 /* icon_breakfast.png */; };
		26D76053222F079000F5FE10 /* img1.png in Resources */ = {isa = PBXBuildFile; fileRef = 26D76042222F079000F5FE10 /* img1.png */; };
		26D76054222F079000F5FE10 /* img11.jpg in Resources */ = {isa = PBXBuildFile; fileRef = 26D76043222F079000F5FE10 /* img11.jpg */; };
		26D76055222F079000F5FE10 /* img10.jpg in Resources */ = {isa = PBXBuildFile; fileRef = 26D76044222F079000F5FE10 /* img10.jpg */; };
		26D76056222F079000F5FE10 /* icon_hotel.png in Resources */ = {isa = PBXBuildFile; fileRef = 26D76045222F079000F5FE10 /* icon_hotel.png */; };
		26E74E6C2221BF3C00338E86 /* AppDelegate.swift in Sources */ = {isa = PBXBuildFile; fileRef = 26E74E6B2221BF3C00338E86 /* AppDelegate.swift */; };
		26E74E6E2221BF3C00338E86 /* ViewController.swift in Sources */ = {isa = PBXBuildFile; fileRef = 26E74E6D2221BF3C00338E86 /* ViewController.swift */; };
		26E74E712221BF3C00338E86 /* Main.storyboard in Resources */ = {isa = PBXBuildFile; fileRef = 26E74E6F2221BF3C00338E86 /* Main.storyboard */; };
		26E74E732221BF3D00338E86 /* Assets.xcassets in Resources */ = {isa = PBXBuildFile; fileRef = 26E74E722221BF3D00338E86 /* Assets.xcassets */; };
		26E74E762221BF3D00338E86 /* LaunchScreen.storyboard in Resources */ = {isa = PBXBuildFile; fileRef = 26E74E742221BF3D00338E86 /* LaunchScreen.storyboard */; };
		26E74E812221BF3D00338E86 /* Alura_ViagensTests.swift in Sources */ = {isa = PBXBuildFile; fileRef = 26E74E802221BF3D00338E86 /* Alura_ViagensTests.swift */; };
		26E74E8C2221BF3D00338E86 /* Alura_ViagensUITests.swift in Sources */ = {isa = PBXBuildFile; fileRef = 26E74E8B2221BF3D00338E86 /* Alura_ViagensUITests.swift */; };
		26FEB2B92224ABE0006424F7 /* Viagem.swift in Sources */ = {isa = PBXBuildFile; fileRef = 26FEB2B82224ABE0006424F7 /* Viagem.swift */; };
		26FEB2BD2224AFA8006424F7 /* ViagemDAO.swift in Sources */ = {isa = PBXBuildFile; fileRef = 26FEB2BC2224AFA8006424F7 /* ViagemDAO.swift */; };
		26FEB2BF2224B4A0006424F7 /* TableViewCell.swift in Sources */ = {isa = PBXBuildFile; fileRef = 26FEB2BE2224B4A0006424F7 /* TableViewCell.swift */; };
/* End PBXBuildFile section */

/* Begin PBXContainerItemProxy section */
		26E74E7D2221BF3D00338E86 /* PBXContainerItemProxy */ = {
			isa = PBXContainerItemProxy;
			containerPortal = 26E74E602221BF3B00338E86 /* Project object */;
			proxyType = 1;
			remoteGlobalIDString = 26E74E672221BF3B00338E86;
			remoteInfo = "Alura Viagens";
		};
		26E74E882221BF3D00338E86 /* PBXContainerItemProxy */ = {
			isa = PBXContainerItemProxy;
			containerPortal = 26E74E602221BF3B00338E86 /* Project object */;
			proxyType = 1;
			remoteGlobalIDString = 26E74E672221BF3B00338E86;
			remoteInfo = "Alura Viagens";
		};
/* End PBXContainerItemProxy section */

/* Begin PBXFileReference section */
		2604D255222F089500C6C77A /* PacoteViagemDAO.swift */ = {isa = PBXFileReference; fileEncoding = 4; lastKnownFileType = sourcecode.swift; path = PacoteViagemDAO.swift; sourceTree = "<group>"; };
		26C08F34222C137600830ED3 /* PacotesViagensViewController.swift */ = {isa = PBXFileReference; lastKnownFileType = sourcecode.swift; path = PacotesViagensViewController.swift; sourceTree = "<group>"; };
		26C08F36222C161000830ED3 /* PacoteViagemCollectionViewCell.swift */ = {isa = PBXFileReference; lastKnownFileType = sourcecode.swift; path = PacoteViagemCollectionViewCell.swift; sourceTree = "<group>"; };
		26D76030222EB2D000F5FE10 /* DetalhesViagensViewController.swift */ = {isa = PBXFileReference; lastKnownFileType = sourcecode.swift; path = DetalhesViagensViewController.swift; sourceTree = "<group>"; };
		26D76032222F04E100F5FE10 /* PacoteViagem.swift */ = {isa = PBXFileReference; lastKnownFileType = sourcecode.swift; path = PacoteViagem.swift; sourceTree = "<group>"; };
		26D76035222F079000F5FE10 /* icon_back.png */ = {isa = PBXFileReference; lastKnownFileType = image.png; path = icon_back.png; sourceTree = "<group>"; };
		26D76036222F079000F5FE10 /* icon_search@2x.png */ = {isa = PBXFileReference; lastKnownFileType = image.png; path = "icon_search@2x.png"; sourceTree = "<group>"; };
		26D76037222F079000F5FE10 /* icon_package@2x.png */ = {isa = PBXFileReference; lastKnownFileType = image.png; path = "icon_package@2x.png"; sourceTree = "<group>"; };
		26D76038222F079000F5FE10 /* img9.jpg */ = {isa = PBXFileReference; lastKnownFileType = image.jpeg; path = img9.jpg; sourceTree = "<group>"; };
		26D76039222F079000F5FE10 /* img8.jpg */ = {isa = PBXFileReference; lastKnownFileType = image.jpeg; path = img8.jpg; sourceTree = "<group>"; };
		26D7603A222F079000F5FE10 /* icon_airplane.png */ = {isa = PBXFileReference; lastKnownFileType = image.png; path = icon_airplane.png; sourceTree = "<group>"; };
		26D7603B222F079000F5FE10 /* img5.jpg */ = {isa = PBXFileReference; lastKnownFileType = image.jpeg; path = img5.jpg; sourceTree = "<group>"; };
		26D7603C222F079000F5FE10 /* img4.jpg */ = {isa = PBXFileReference; lastKnownFileType = image.jpeg; path = img4.jpg; sourceTree = "<group>"; };
		26D7603D222F079000F5FE10 /* img6.jpg */ = {isa = PBXFileReference; lastKnownFileType = image.jpeg; path = img6.jpg; sourceTree = "<group>"; };
		26D7603E222F079000F5FE10 /* img7.jpg */ = {isa = PBXFileReference; lastKnownFileType = image.jpeg; path = img7.jpg; sourceTree = "<group>"; };
		26D7603F222F079000F5FE10 /* img3.jpg */ = {isa = PBXFileReference; lastKnownFileType = image.jpeg; path = img3.jpg; sourceTree = "<group>"; };
		26D76040222F079000F5FE10 /* img2.jpg */ = {isa = PBXFileReference; lastKnownFileType = image.jpeg; path = img2.jpg; sourceTree = "<group>"; };
		26D76041222F079000F5FE10 /* icon_breakfast.png */ = {isa = PBXFileReference; lastKnownFileType = image.png; path = icon_breakfast.png; sourceTree = "<group>"; };
		26D76042222F079000F5FE10 /* img1.png */ = {isa = PBXFileReference; lastKnownFileType = image.png; path = img1.png; sourceTree = "<group>"; };
		26D76043222F079000F5FE10 /* img11.jpg */ = {isa = PBXFileReference; lastKnownFileType = image.jpeg; path = img11.jpg; sourceTree = "<group>"; };
		26D76044222F079000F5FE10 /* img10.jpg */ = {isa = PBXFileReference; lastKnownFileType = image.jpeg; path = img10.jpg; sourceTree = "<group>"; };
		26D76045222F079000F5FE10 /* icon_hotel.png */ = {isa = PBXFileReference; lastKnownFileType = image.png; path = icon_hotel.png; sourceTree = "<group>"; };
		26E74E682221BF3C00338E86 /* Alura Viagens.app */ = {isa = PBXFileReference; explicitFileType = wrapper.application; includeInIndex = 0; path = "Alura Viagens.app"; sourceTree = BUILT_PRODUCTS_DIR; };
		26E74E6B2221BF3C00338E86 /* AppDelegate.swift */ = {isa = PBXFileReference; lastKnownFileType = sourcecode.swift; path = AppDelegate.swift; sourceTree = "<group>"; };
		26E74E6D2221BF3C00338E86 /* ViewController.swift */ = {isa = PBXFileReference; lastKnownFileType = sourcecode.swift; path = ViewController.swift; sourceTree = "<group>"; };
		26E74E702221BF3C00338E86 /* Base */ = {isa = PBXFileReference; lastKnownFileType = file.storyboard; name = Base; path = Base.lproj/Main.storyboard; sourceTree = "<group>"; };
		26E74E722221BF3D00338E86 /* Assets.xcassets */ = {isa = PBXFileReference; lastKnownFileType = folder.assetcatalog; path = Assets.xcassets; sourceTree = "<group>"; };
		26E74E752221BF3D00338E86 /* Base */ = {isa = PBXFileReference; lastKnownFileType = file.storyboard; name = Base; path = Base.lproj/LaunchScreen.storyboard; sourceTree = "<group>"; };
		26E74E772221BF3D00338E86 /* Info.plist */ = {isa = PBXFileReference; lastKnownFileType = text.plist.xml; path = Info.plist; sourceTree = "<group>"; };
		26E74E7C2221BF3D00338E86 /* Alura ViagensTests.xctest */ = {isa = PBXFileReference; explicitFileType = wrapper.cfbundle; includeInIndex = 0; path = "Alura ViagensTests.xctest"; sourceTree = BUILT_PRODUCTS_DIR; };
		26E74E802221BF3D00338E86 /* Alura_ViagensTests.swift */ = {isa = PBXFileReference; lastKnownFileType = sourcecode.swift; path = Alura_ViagensTests.swift; sourceTree = "<group>"; };
		26E74E822221BF3D00338E86 /* Info.plist */ = {isa = PBXFileReference; lastKnownFileType = text.plist.xml; path = Info.plist; sourceTree = "<group>"; };
		26E74E872221BF3D00338E86 /* Alura ViagensUITests.xctest */ = {isa = PBXFileReference; explicitFileType = wrapper.cfbundle; includeInIndex = 0; path = "Alura ViagensUITests.xctest"; sourceTree = BUILT_PRODUCTS_DIR; };
		26E74E8B2221BF3D00338E86 /* Alura_ViagensUITests.swift */ = {isa = PBXFileReference; lastKnownFileType = sourcecode.swift; path = Alura_ViagensUITests.swift; sourceTree = "<group>"; };
		26E74E8D2221BF3D00338E86 /* Info.plist */ = {isa = PBXFileReference; lastKnownFileType = text.plist.xml; path = Info.plist; sourceTree = "<group>"; };
		26FEB2B82224ABE0006424F7 /* Viagem.swift */ = {isa = PBXFileReference; lastKnownFileType = sourcecode.swift; path = Viagem.swift; sourceTree = "<group>"; };
		26FEB2BC2224AFA8006424F7 /* ViagemDAO.swift */ = {isa = PBXFileReference; fileEncoding = 4; lastKnownFileType = sourcecode.swift; name = ViagemDAO.swift; path = "Alura Viagens/ViagemDAO/ViagemDAO.swift"; sourceTree = SOURCE_ROOT; };
		26FEB2BE2224B4A0006424F7 /* TableViewCell.swift */ = {isa = PBXFileReference; lastKnownFileType = sourcecode.swift; path = TableViewCell.swift; sourceTree = "<group>"; };
/* End PBXFileReference section */

/* Begin PBXFrameworksBuildPhase section */
		26E74E652221BF3B00338E86 /* Frameworks */ = {
			isa = PBXFrameworksBuildPhase;
			buildActionMask = 2147483647;
			files = (
			);
			runOnlyForDeploymentPostprocessing = 0;
		};
		26E74E792221BF3D00338E86 /* Frameworks */ = {
			isa = PBXFrameworksBuildPhase;
			buildActionMask = 2147483647;
			files = (
			);
			runOnlyForDeploymentPostprocessing = 0;
		};
		26E74E842221BF3D00338E86 /* Frameworks */ = {
			isa = PBXFrameworksBuildPhase;
			buildActionMask = 2147483647;
			files = (
			);
			runOnlyForDeploymentPostprocessing = 0;
		};
/* End PBXFrameworksBuildPhase section */

/* Begin PBXGroup section */
		260AF8752225F2380028DF75 /* Model */ = {
			isa = PBXGroup;
			children = (
				26FEB2B82224ABE0006424F7 /* Viagem.swift */,
				26D76032222F04E100F5FE10 /* PacoteViagem.swift */,
			);
			path = Model;
			sourceTree = "<group>";
		};
		260AF8762225F2940028DF75 /* Home */ = {
			isa = PBXGroup;
			children = (
				260AF8782225F3030028DF75 /* View */,
				260AF8772225F2F00028DF75 /* Controller */,
			);
			path = Home;
			sourceTree = "<group>";
		};
		260AF8772225F2F00028DF75 /* Controller */ = {
			isa = PBXGroup;
			children = (
				26E74E6D2221BF3C00338E86 /* ViewController.swift */,
			);
			path = Controller;
			sourceTree = "<group>";
		};
		260AF8782225F3030028DF75 /* View */ = {
			isa = PBXGroup;
			children = (
				26FEB2BE2224B4A0006424F7 /* TableViewCell.swift */,
			);
			path = View;
			sourceTree = "<group>";
		};
		260AF8792225F32C0028DF75 /* ViagemDAO */ = {
			isa = PBXGroup;
			children = (
				2604D255222F089500C6C77A /* PacoteViagemDAO.swift */,
				26FEB2BC2224AFA8006424F7 /* ViagemDAO.swift */,
			);
			path = ViagemDAO;
			sourceTree = "<group>";
		};
		26C08F31222C12E600830ED3 /* Pacotes */ = {
			isa = PBXGroup;
			children = (
				26C08F33222C131B00830ED3 /* View */,
				26C08F32222C130F00830ED3 /* Controller */,
			);
			path = Pacotes;
			sourceTree = "<group>";
		};
		26C08F32222C130F00830ED3 /* Controller */ = {
			isa = PBXGroup;
			children = (
				26C08F34222C137600830ED3 /* PacotesViagensViewController.swift */,
			);
			path = Controller;
			sourceTree = "<group>";
		};
		26C08F33222C131B00830ED3 /* View */ = {
			isa = PBXGroup;
			children = (
				26C08F36222C161000830ED3 /* PacoteViagemCollectionViewCell.swift */,
			);
			path = View;
			sourceTree = "<group>";
		};
		26D7602D222EB23000F5FE10 /* DetalhesViagem */ = {
			isa = PBXGroup;
			children = (
				26D7602E222EB26100F5FE10 /* View */,
				26D7602F222EB27000F5FE10 /* Controller */,
			);
			path = DetalhesViagem;
			sourceTree = "<group>";
		};
		26D7602E222EB26100F5FE10 /* View */ = {
			isa = PBXGroup;
			children = (
			);
			path = View;
			sourceTree = "<group>";
		};
		26D7602F222EB27000F5FE10 /* Controller */ = {
			isa = PBXGroup;
			children = (
				26D76030222EB2D000F5FE10 /* DetalhesViagensViewController.swift */,
			);
			path = Controller;
			sourceTree = "<group>";
		};
		26D76034222F079000F5FE10 /* Assets */ = {
			isa = PBXGroup;
			children = (
				26D76035222F079000F5FE10 /* icon_back.png */,
				26D76036222F079000F5FE10 /* icon_search@2x.png */,
				26D76037222F079000F5FE10 /* icon_package@2x.png */,
				26D76038222F079000F5FE10 /* img9.jpg */,
				26D76039222F079000F5FE10 /* img8.jpg */,
				26D7603A222F079000F5FE10 /* icon_airplane.png */,
				26D7603B222F079000F5FE10 /* img5.jpg */,
				26D7603C222F079000F5FE10 /* img4.jpg */,
				26D7603D222F079000F5FE10 /* img6.jpg */,
				26D7603E222F079000F5FE10 /* img7.jpg */,
				26D7603F222F079000F5FE10 /* img3.jpg */,
				26D76040222F079000F5FE10 /* img2.jpg */,
				26D76041222F079000F5FE10 /* icon_breakfast.png */,
				26D76042222F079000F5FE10 /* img1.png */,
				26D76043222F079000F5FE10 /* img11.jpg */,
				26D76044222F079000F5FE10 /* img10.jpg */,
				26D76045222F079000F5FE10 /* icon_hotel.png */,
			);
			name = Assets;
			path = "Arquivos Projeto/Assets";
			sourceTree = SOURCE_ROOT;
		};
		26E74E5F2221BF3B00338E86 = {
			isa = PBXGroup;
			children = (
				26E74E6A2221BF3C00338E86 /* Alura Viagens */,
				26E74E7F2221BF3D00338E86 /* Alura ViagensTests */,
				26E74E8A2221BF3D00338E86 /* Alura ViagensUITests */,
				26E74E692221BF3C00338E86 /* Products */,
			);
			sourceTree = "<group>";
		};
		26E74E692221BF3C00338E86 /* Products */ = {
			isa = PBXGroup;
			children = (
				26E74E682221BF3C00338E86 /* Alura Viagens.app */,
				26E74E7C2221BF3D00338E86 /* Alura ViagensTests.xctest */,
				26E74E872221BF3D00338E86 /* Alura ViagensUITests.xctest */,
			);
			name = Products;
			sourceTree = "<group>";
		};
		26E74E6A2221BF3C00338E86 /* Alura Viagens */ = {
			isa = PBXGroup;
			children = (
				26E74E6B2221BF3C00338E86 /* AppDelegate.swift */,
				260AF8792225F32C0028DF75 /* ViagemDAO */,
				260AF8752225F2380028DF75 /* Model */,
				260AF8762225F2940028DF75 /* Home */,
				26C08F31222C12E600830ED3 /* Pacotes */,
				26D7602D222EB23000F5FE10 /* DetalhesViagem */,
				26E74E6F2221BF3C00338E86 /* Main.storyboard */,
				26D76034222F079000F5FE10 /* Assets */,
				26E74E722221BF3D00338E86 /* Assets.xcassets */,
				26E74E742221BF3D00338E86 /* LaunchScreen.storyboard */,
				26E74E772221BF3D00338E86 /* Info.plist */,
			);
			path = "Alura Viagens";
			sourceTree = "<group>";
		};
		26E74E7F2221BF3D00338E86 /* Alura ViagensTests */ = {
			isa = PBXGroup;
			children = (
				26E74E802221BF3D00338E86 /* Alura_ViagensTests.swift */,
				26E74E822221BF3D00338E86 /* Info.plist */,
			);
			path = "Alura ViagensTests";
			sourceTree = "<group>";
		};
		26E74E8A2221BF3D00338E86 /* Alura ViagensUITests */ = {
			isa = PBXGroup;
			children = (
				26E74E8B2221BF3D00338E86 /* Alura_ViagensUITests.swift */,
				26E74E8D2221BF3D00338E86 /* Info.plist */,
			);
			path = "Alura ViagensUITests";
			sourceTree = "<group>";
		};
/* End PBXGroup section */

/* Begin PBXNativeTarget section */
		26E74E672221BF3B00338E86 /* Alura Viagens */ = {
			isa = PBXNativeTarget;
			buildConfigurationList = 26E74E902221BF3D00338E86 /* Build configuration list for PBXNativeTarget "Alura Viagens" */;
			buildPhases = (
				26E74E642221BF3B00338E86 /* Sources */,
				26E74E652221BF3B00338E86 /* Frameworks */,
				26E74E662221BF3B00338E86 /* Resources */,
			);
			buildRules = (
			);
			dependencies = (
			);
			name = "Alura Viagens";
			productName = "Alura Viagens";
			productReference = 26E74E682221BF3C00338E86 /* Alura Viagens.app */;
			productType = "com.apple.product-type.application";
		};
		26E74E7B2221BF3D00338E86 /* Alura ViagensTests */ = {
			isa = PBXNativeTarget;
			buildConfigurationList = 26E74E932221BF3D00338E86 /* Build configuration list for PBXNativeTarget "Alura ViagensTests" */;
			buildPhases = (
				26E74E782221BF3D00338E86 /* Sources */,
				26E74E792221BF3D00338E86 /* Frameworks */,
				26E74E7A2221BF3D00338E86 /* Resources */,
			);
			buildRules = (
			);
			dependencies = (
				26E74E7E2221BF3D00338E86 /* PBXTargetDependency */,
			);
			name = "Alura ViagensTests";
			productName = "Alura ViagensTests";
			productReference = 26E74E7C2221BF3D00338E86 /* Alura ViagensTests.xctest */;
			productType = "com.apple.product-type.bundle.unit-test";
		};
		26E74E862221BF3D00338E86 /* Alura ViagensUITests */ = {
			isa = PBXNativeTarget;
			buildConfigurationList = 26E74E962221BF3D00338E86 /* Build configuration list for PBXNativeTarget "Alura ViagensUITests" */;
			buildPhases = (
				26E74E832221BF3D00338E86 /* Sources */,
				26E74E842221BF3D00338E86 /* Frameworks */,
				26E74E852221BF3D00338E86 /* Resources */,
			);
			buildRules = (
			);
			dependencies = (
				26E74E892221BF3D00338E86 /* PBXTargetDependency */,
			);
			name = "Alura ViagensUITests";
			productName = "Alura ViagensUITests";
			productReference = 26E74E872221BF3D00338E86 /* Alura ViagensUITests.xctest */;
			productType = "com.apple.product-type.bundle.ui-testing";
		};
/* End PBXNativeTarget section */

/* Begin PBXProject section */
		26E74E602221BF3B00338E86 /* Project object */ = {
			isa = PBXProject;
			attributes = {
				LastSwiftUpdateCheck = 1010;
				LastUpgradeCheck = 1010;
				ORGANIZATIONNAME = "Mauro Augusto Diniz";
				TargetAttributes = {
					26E74E672221BF3B00338E86 = {
						CreatedOnToolsVersion = 10.1;
					};
					26E74E7B2221BF3D00338E86 = {
						CreatedOnToolsVersion = 10.1;
						TestTargetID = 26E74E672221BF3B00338E86;
					};
					26E74E862221BF3D00338E86 = {
						CreatedOnToolsVersion = 10.1;
						TestTargetID = 26E74E672221BF3B00338E86;
					};
				};
			};
			buildConfigurationList = 26E74E632221BF3B00338E86 /* Build configuration list for PBXProject "Alura Viagens" */;
			compatibilityVersion = "Xcode 9.3";
			developmentRegion = en;
			hasScannedForEncodings = 0;
			knownRegions = (
				en,
				Base,
			);
			mainGroup = 26E74E5F2221BF3B00338E86;
			productRefGroup = 26E74E692221BF3C00338E86 /* Products */;
			projectDirPath = "";
			projectRoot = "";
			targets = (
				26E74E672221BF3B00338E86 /* Alura Viagens */,
				26E74E7B2221BF3D00338E86 /* Alura ViagensTests */,
				26E74E862221BF3D00338E86 /* Alura ViagensUITests */,
			);
		};
/* End PBXProject section */

/* Begin PBXResourcesBuildPhase section */
		26E74E662221BF3B00338E86 /* Resources */ = {
			isa = PBXResourcesBuildPhase;
			buildActionMask = 2147483647;
			files = (
				26D76052222F079000F5FE10 /* icon_breakfast.png in Resources */,
				26D76048222F079000F5FE10 /* icon_package@2x.png in Resources */,
				26D76051222F079000F5FE10 /* img2.jpg in Resources */,
				26D7604D222F079000F5FE10 /* img4.jpg in Resources */,
				26D7604C222F079000F5FE10 /* img5.jpg in Resources */,
				26D76050222F079000F5FE10 /* img3.jpg in Resources */,
				26E74E762221BF3D00338E86 /* LaunchScreen.storyboard in Resources */,
				26D76053222F079000F5FE10 /* img1.png in Resources */,
				26D76046222F079000F5FE10 /* icon_back.png in Resources */,
				26E74E732221BF3D00338E86 /* Assets.xcassets in Resources */,
				26D7604A222F079000F5FE10 /* img8.jpg in Resources */,
				26D7604F222F079000F5FE10 /* img7.jpg in Resources */,
				26E74E712221BF3C00338E86 /* Main.storyboard in Resources */,
				26D76055222F079000F5FE10 /* img10.jpg in Resources */,
				26D76047222F079000F5FE10 /* icon_search@2x.png in Resources */,
				26D7604B222F079000F5FE10 /* icon_airplane.png in Resources */,
				26D7604E222F079000F5FE10 /* img6.jpg in Resources */,
				26D76056222F079000F5FE10 /* icon_hotel.png in Resources */,
				26D76049222F079000F5FE10 /* img9.jpg in Resources */,
				26D76054222F079000F5FE10 /* img11.jpg in Resources */,
			);
			runOnlyForDeploymentPostprocessing = 0;
		};
		26E74E7A2221BF3D00338E86 /* Resources */ = {
			isa = PBXResourcesBuildPhase;
			buildActionMask = 2147483647;
			files = (
			);
			runOnlyForDeploymentPostprocessing = 0;
		};
		26E74E852221BF3D00338E86 /* Resources */ = {
			isa = PBXResourcesBuildPhase;
			buildActionMask = 2147483647;
			files = (
			);
			runOnlyForDeploymentPostprocessing = 0;
		};
/* End PBXResourcesBuildPhase section */

/* Begin PBXSourcesBuildPhase section */
		26E74E642221BF3B00338E86 /* Sources */ = {
			isa = PBXSourcesBuildPhase;
			buildActionMask = 2147483647;
			files = (
				26FEB2BF2224B4A0006424F7 /* TableViewCell.swift in Sources */,
				26E74E6E2221BF3C00338E86 /* ViewController.swift in Sources */,
				26FEB2B92224ABE0006424F7 /* Viagem.swift in Sources */,
				26E74E6C2221BF3C00338E86 /* AppDelegate.swift in Sources */,
				26D76031222EB2D000F5FE10 /* DetalhesViagensViewController.swift in Sources */,
				2604D256222F089500C6C77A /* PacoteViagemDAO.swift in Sources */,
				26C08F35222C137600830ED3 /* PacotesViagensViewController.swift in Sources */,
				26C08F37222C161000830ED3 /* PacoteViagemCollectionViewCell.swift in Sources */,
				26FEB2BD2224AFA8006424F7 /* ViagemDAO.swift in Sources */,
				26D76033222F04E100F5FE10 /* PacoteViagem.swift in Sources */,
			);
			runOnlyForDeploymentPostprocessing = 0;
		};
		26E74E782221BF3D00338E86 /* Sources */ = {
			isa = PBXSourcesBuildPhase;
			buildActionMask = 2147483647;
			files = (
				26E74E812221BF3D00338E86 /* Alura_ViagensTests.swift in Sources */,
			);
			runOnlyForDeploymentPostprocessing = 0;
		};
		26E74E832221BF3D00338E86 /* Sources */ = {
			isa = PBXSourcesBuildPhase;
			buildActionMask = 2147483647;
			files = (
				26E74E8C2221BF3D00338E86 /* Alura_ViagensUITests.swift in Sources */,
			);
			runOnlyForDeploymentPostprocessing = 0;
		};
/* End PBXSourcesBuildPhase section */

/* Begin PBXTargetDependency section */
		26E74E7E2221BF3D00338E86 /* PBXTargetDependency */ = {
			isa = PBXTargetDependency;
			target = 26E74E672221BF3B00338E86 /* Alura Viagens */;
			targetProxy = 26E74E7D2221BF3D00338E86 /* PBXContainerItemProxy */;
		};
		26E74E892221BF3D00338E86 /* PBXTargetDependency */ = {
			isa = PBXTargetDependency;
			target = 26E74E672221BF3B00338E86 /* Alura Viagens */;
			targetProxy = 26E74E882221BF3D00338E86 /* PBXContainerItemProxy */;
		};
/* End PBXTargetDependency section */

/* Begin PBXVariantGroup section */
		26E74E6F2221BF3C00338E86 /* Main.storyboard */ = {
			isa = PBXVariantGroup;
			children = (
				26E74E702221BF3C00338E86 /* Base */,
			);
			name = Main.storyboard;
			sourceTree = "<group>";
		};
		26E74E742221BF3D00338E86 /* LaunchScreen.storyboard */ = {
			isa = PBXVariantGroup;
			children = (
				26E74E752221BF3D00338E86 /* Base */,
			);
			name = LaunchScreen.storyboard;
			sourceTree = "<group>";
		};
/* End PBXVariantGroup section */

/* Begin XCBuildConfiguration section */
		26E74E8E2221BF3D00338E86 /* Debug */ = {
			isa = XCBuildConfiguration;
			buildSettings = {
				ALWAYS_SEARCH_USER_PATHS = NO;
				CLANG_ANALYZER_NONNULL = YES;
				CLANG_ANALYZER_NUMBER_OBJECT_CONVERSION = YES_AGGRESSIVE;
				CLANG_CXX_LANGUAGE_STANDARD = "gnu++14";
				CLANG_CXX_LIBRARY = "libc++";
				CLANG_ENABLE_MODULES = YES;
				CLANG_ENABLE_OBJC_ARC = YES;
				CLANG_ENABLE_OBJC_WEAK = YES;
				CLANG_WARN_BLOCK_CAPTURE_AUTORELEASING = YES;
				CLANG_WARN_BOOL_CONVERSION = YES;
				CLANG_WARN_COMMA = YES;
				CLANG_WARN_CONSTANT_CONVERSION = YES;
				CLANG_WARN_DEPRECATED_OBJC_IMPLEMENTATIONS = YES;
				CLANG_WARN_DIRECT_OBJC_ISA_USAGE = YES_ERROR;
				CLANG_WARN_DOCUMENTATION_COMMENTS = YES;
				CLANG_WARN_EMPTY_BODY = YES;
				CLANG_WARN_ENUM_CONVERSION = YES;
				CLANG_WARN_INFINITE_RECURSION = YES;
				CLANG_WARN_INT_CONVERSION = YES;
				CLANG_WARN_NON_LITERAL_NULL_CONVERSION = YES;
				CLANG_WARN_OBJC_IMPLICIT_RETAIN_SELF = YES;
				CLANG_WARN_OBJC_LITERAL_CONVERSION = YES;
				CLANG_WARN_OBJC_ROOT_CLASS = YES_ERROR;
				CLANG_WARN_RANGE_LOOP_ANALYSIS = YES;
				CLANG_WARN_STRICT_PROTOTYPES = YES;
				CLANG_WARN_SUSPICIOUS_MOVE = YES;
				CLANG_WARN_UNGUARDED_AVAILABILITY = YES_AGGRESSIVE;
				CLANG_WARN_UNREACHABLE_CODE = YES;
				CLANG_WARN__DUPLICATE_METHOD_MATCH = YES;
				CODE_SIGN_IDENTITY = "iPhone Developer";
				COPY_PHASE_STRIP = NO;
				DEBUG_INFORMATION_FORMAT = dwarf;
				ENABLE_STRICT_OBJC_MSGSEND = YES;
				ENABLE_TESTABILITY = YES;
				GCC_C_LANGUAGE_STANDARD = gnu11;
				GCC_DYNAMIC_NO_PIC = NO;
				GCC_NO_COMMON_BLOCKS = YES;
				GCC_OPTIMIZATION_LEVEL = 0;
				GCC_PREPROCESSOR_DEFINITIONS = (
					"DEBUG=1",
					"$(inherited)",
				);
				GCC_WARN_64_TO_32_BIT_CONVERSION = YES;
				GCC_WARN_ABOUT_RETURN_TYPE = YES_ERROR;
				GCC_WARN_UNDECLARED_SELECTOR = YES;
				GCC_WARN_UNINITIALIZED_AUTOS = YES_AGGRESSIVE;
				GCC_WARN_UNUSED_FUNCTION = YES;
				GCC_WARN_UNUSED_VARIABLE = YES;
				IPHONEOS_DEPLOYMENT_TARGET = 12.1;
				MTL_ENABLE_DEBUG_INFO = INCLUDE_SOURCE;
				MTL_FAST_MATH = YES;
				ONLY_ACTIVE_ARCH = YES;
				SDKROOT = iphoneos;
				SWIFT_ACTIVE_COMPILATION_CONDITIONS = DEBUG;
				SWIFT_OPTIMIZATION_LEVEL = "-Onone";
			};
			name = Debug;
		};
		26E74E8F2221BF3D00338E86 /* Release */ = {
			isa = XCBuildConfiguration;
			buildSettings = {
				ALWAYS_SEARCH_USER_PATHS = NO;
				CLANG_ANALYZER_NONNULL = YES;
				CLANG_ANALYZER_NUMBER_OBJECT_CONVERSION = YES_AGGRESSIVE;
				CLANG_CXX_LANGUAGE_STANDARD = "gnu++14";
				CLANG_CXX_LIBRARY = "libc++";
				CLANG_ENABLE_MODULES = YES;
				CLANG_ENABLE_OBJC_ARC = YES;
				CLANG_ENABLE_OBJC_WEAK = YES;
				CLANG_WARN_BLOCK_CAPTURE_AUTORELEASING = YES;
				CLANG_WARN_BOOL_CONVERSION = YES;
				CLANG_WARN_COMMA = YES;
				CLANG_WARN_CONSTANT_CONVERSION = YES;
				CLANG_WARN_DEPRECATED_OBJC_IMPLEMENTATIONS = YES;
				CLANG_WARN_DIRECT_OBJC_ISA_USAGE = YES_ERROR;
				CLANG_WARN_DOCUMENTATION_COMMENTS = YES;
				CLANG_WARN_EMPTY_BODY = YES;
				CLANG_WARN_ENUM_CONVERSION = YES;
				CLANG_WARN_INFINITE_RECURSION = YES;
				CLANG_WARN_INT_CONVERSION = YES;
				CLANG_WARN_NON_LITERAL_NULL_CONVERSION = YES;
				CLANG_WARN_OBJC_IMPLICIT_RETAIN_SELF = YES;
				CLANG_WARN_OBJC_LITERAL_CONVERSION = YES;
				CLANG_WARN_OBJC_ROOT_CLASS = YES_ERROR;
				CLANG_WARN_RANGE_LOOP_ANALYSIS = YES;
				CLANG_WARN_STRICT_PROTOTYPES = YES;
				CLANG_WARN_SUSPICIOUS_MOVE = YES;
				CLANG_WARN_UNGUARDED_AVAILABILITY = YES_AGGRESSIVE;
				CLANG_WARN_UNREACHABLE_CODE = YES;
				CLANG_WARN__DUPLICATE_METHOD_MATCH = YES;
				CODE_SIGN_IDENTITY = "iPhone Developer";
				COPY_PHASE_STRIP = NO;
				DEBUG_INFORMATION_FORMAT = "dwarf-with-dsym";
				ENABLE_NS_ASSERTIONS = NO;
				ENABLE_STRICT_OBJC_MSGSEND = YES;
				GCC_C_LANGUAGE_STANDARD = gnu11;
				GCC_NO_COMMON_BLOCKS = YES;
				GCC_WARN_64_TO_32_BIT_CONVERSION = YES;
				GCC_WARN_ABOUT_RETURN_TYPE = YES_ERROR;
				GCC_WARN_UNDECLARED_SELECTOR = YES;
				GCC_WARN_UNINITIALIZED_AUTOS = YES_AGGRESSIVE;
				GCC_WARN_UNUSED_FUNCTION = YES;
				GCC_WARN_UNUSED_VARIABLE = YES;
				IPHONEOS_DEPLOYMENT_TARGET = 12.1;
				MTL_ENABLE_DEBUG_INFO = NO;
				MTL_FAST_MATH = YES;
				SDKROOT = iphoneos;
				SWIFT_COMPILATION_MODE = wholemodule;
				SWIFT_OPTIMIZATION_LEVEL = "-O";
				VALIDATE_PRODUCT = YES;
			};
			name = Release;
		};
		26E74E912221BF3D00338E86 /* Debug */ = {
			isa = XCBuildConfiguration;
			buildSettings = {
				ASSETCATALOG_COMPILER_APPICON_NAME = AppIcon;
				CODE_SIGN_STYLE = Automatic;
				INFOPLIST_FILE = "Alura Viagens/Info.plist";
				IPHONEOS_DEPLOYMENT_TARGET = 11.0;
				LD_RUNPATH_SEARCH_PATHS = (
					"$(inherited)",
					"@executable_path/Frameworks",
				);
				PRODUCT_BUNDLE_IDENTIFIER = "br.com.alura.Alura-Viagens";
				PRODUCT_NAME = "$(TARGET_NAME)";
				SWIFT_VERSION = 4.2;
				TARGETED_DEVICE_FAMILY = "1,2";
			};
			name = Debug;
		};
		26E74E922221BF3D00338E86 /* Release */ = {
			isa = XCBuildConfiguration;
			buildSettings = {
				ASSETCATALOG_COMPILER_APPICON_NAME = AppIcon;
				CODE_SIGN_STYLE = Automatic;
				INFOPLIST_FILE = "Alura Viagens/Info.plist";
				IPHONEOS_DEPLOYMENT_TARGET = 11.0;
				LD_RUNPATH_SEARCH_PATHS = (
					"$(inherited)",
					"@executable_path/Frameworks",
				);
				PRODUCT_BUNDLE_IDENTIFIER = "br.com.alura.Alura-Viagens";
				PRODUCT_NAME = "$(TARGET_NAME)";
				SWIFT_VERSION = 4.2;
				TARGETED_DEVICE_FAMILY = "1,2";
			};
			name = Release;
		};
		26E74E942221BF3D00338E86 /* Debug */ = {
			isa = XCBuildConfiguration;
			buildSettings = {
				ALWAYS_EMBED_SWIFT_STANDARD_LIBRARIES = YES;
				BUNDLE_LOADER = "$(TEST_HOST)";
				CODE_SIGN_STYLE = Automatic;
				INFOPLIST_FILE = "Alura ViagensTests/Info.plist";
				LD_RUNPATH_SEARCH_PATHS = (
					"$(inherited)",
					"@executable_path/Frameworks",
					"@loader_path/Frameworks",
				);
				PRODUCT_BUNDLE_IDENTIFIER = "br.com.alura.Alura-ViagensTests";
				PRODUCT_NAME = "$(TARGET_NAME)";
				SWIFT_VERSION = 4.2;
				TARGETED_DEVICE_FAMILY = "1,2";
				TEST_HOST = "$(BUILT_PRODUCTS_DIR)/Alura Viagens.app/Alura Viagens";
			};
			name = Debug;
		};
		26E74E952221BF3D00338E86 /* Release */ = {
			isa = XCBuildConfiguration;
			buildSettings = {
				ALWAYS_EMBED_SWIFT_STANDARD_LIBRARIES = YES;
				BUNDLE_LOADER = "$(TEST_HOST)";
				CODE_SIGN_STYLE = Automatic;
				INFOPLIST_FILE = "Alura ViagensTests/Info.plist";
				LD_RUNPATH_SEARCH_PATHS = (
					"$(inherited)",
					"@executable_path/Frameworks",
					"@loader_path/Frameworks",
				);
				PRODUCT_BUNDLE_IDENTIFIER = "br.com.alura.Alura-ViagensTests";
				PRODUCT_NAME = "$(TARGET_NAME)";
				SWIFT_VERSION = 4.2;
				TARGETED_DEVICE_FAMILY = "1,2";
				TEST_HOST = "$(BUILT_PRODUCTS_DIR)/Alura Viagens.app/Alura Viagens";
			};
			name = Release;
		};
		26E74E972221BF3D00338E86 /* Debug */ = {
			isa = XCBuildConfiguration;
			buildSettings = {
				ALWAYS_EMBED_SWIFT_STANDARD_LIBRARIES = YES;
				CODE_SIGN_STYLE = Automatic;
				INFOPLIST_FILE = "Alura ViagensUITests/Info.plist";
				LD_RUNPATH_SEARCH_PATHS = (
					"$(inherited)",
					"@executable_path/Frameworks",
					"@loader_path/Frameworks",
				);
				PRODUCT_BUNDLE_IDENTIFIER = "br.com.alura.Alura-ViagensUITests";
				PRODUCT_NAME = "$(TARGET_NAME)";
				SWIFT_VERSION = 4.2;
				TARGETED_DEVICE_FAMILY = "1,2";
				TEST_TARGET_NAME = "Alura Viagens";
			};
			name = Debug;
		};
		26E74E982221BF3D00338E86 /* Release */ = {
			isa = XCBuildConfiguration;
			buildSettings = {
				ALWAYS_EMBED_SWIFT_STANDARD_LIBRARIES = YES;
				CODE_SIGN_STYLE = Automatic;
				INFOPLIST_FILE = "Alura ViagensUITests/Info.plist";
				LD_RUNPATH_SEARCH_PATHS = (
					"$(inherited)",
					"@executable_path/Frameworks",
					"@loader_path/Frameworks",
				);
				PRODUCT_BUNDLE_IDENTIFIER = "br.com.alura.Alura-ViagensUITests";
				PRODUCT_NAME = "$(TARGET_NAME)";
				SWIFT_VERSION = 4.2;
				TARGETED_DEVICE_FAMILY = "1,2";
				TEST_TARGET_NAME = "Alura Viagens";
			};
			name = Release;
		};
/* End XCBuildConfiguration section */

/* Begin XCConfigurationList section */
		26E74E632221BF3B00338E86 /* Build configuration list for PBXProject "Alura Viagens" */ = {
			isa = XCConfigurationList;
			buildConfigurations = (
				26E74E8E2221BF3D00338E86 /* Debug */,
				26E74E8F2221BF3D00338E86 /* Release */,
			);
			defaultConfigurationIsVisible = 0;
			defaultConfigurationName = Release;
		};
		26E74E902221BF3D00338E86 /* Build configuration list for PBXNativeTarget "Alura Viagens" */ = {
			isa = XCConfigurationList;
			buildConfigurations = (
				26E74E912221BF3D00338E86 /* Debug */,
				26E74E922221BF3D00338E86 /* Release */,
			);
			defaultConfigurationIsVisible = 0;
			defaultConfigurationName = Release;
		};
		26E74E932221BF3D00338E86 /* Build configuration list for PBXNativeTarget "Alura ViagensTests" */ = {
			isa = XCConfigurationList;
			buildConfigurations = (
				26E74E942221BF3D00338E86 /* Debug */,
				26E74E952221BF3D00338E86 /* Release */,
			);
			defaultConfigurationIsVisible = 0;
			defaultConfigurationName = Release;
		};
		26E74E962221BF3D00338E86 /* Build configuration list for PBXNativeTarget "Alura ViagensUITests" */ = {
			isa = XCConfigurationList;
			buildConfigurations = (
				26E74E972221BF3D00338E86 /* Debug */,
				26E74E982221BF3D00338E86 /* Release */,
			);
			defaultConfigurationIsVisible = 0;
			defaultConfigurationName = Release;
		};
/* End XCConfigurationList section */
	};
	rootObject = 26E74E602221BF3B00338E86 /* Project object */;
}
